
Microsoft Visual Studio Solution File, Format Version 12.00
# Visual Studio Version 16
VisualStudioVersion = 16.0.31624.102
MinimumVisualStudioVersion = 10.0.40219.1
Project("{8BC9CEB8-8B4A-11D0-8D11-00A0C91BC942}") = "자료구조과제5", "자료구조과제5.vcxproj", "{AD4B342E-4550-40F2-803B-5429191FCC8F}"
EndProject
Project("{8BC9CEB8-8B4A-11D0-8D11-00A0C91BC942}") = "자료구조과제5-2", "..\자료구조과제5-2\자료구조과제5-2.vcxproj", "{2F4B5384-2AD3-4E04-82A0-F9EA680DF362}"
EndProject
Project("{8BC9CEB8-8B4A-11D0-8D11-00A0C91BC942}") = "자료구조과제5-3", "..\자료구조과제5-3\자료구조과제5-3.vcxproj", "{8855A65B-99EE-419C-A9D2-389AB82ADC80}"
EndProject
Project("{8BC9CEB8-8B4A-11D0-8D11-00A0C91BC942}") = "자료구조과제5-4", "..\자료구조과제5-4\자료구조과제5-4.vcxproj", "{33ECC2D3-4C01-4819-86DB-92A98531F12C}"
EndProject
Project("{8BC9CEB8-8B4A-11D0-8D11-00A0C91BC942}") = "wgd", "..\wgd\wgd.vcxproj", "{AFF367CA-3BE1-4DAF-951F-E3098E556CC3}"
EndProject
Global
	GlobalSection(SolutionConfigurationPlatforms) = preSolution
		Debug|x64 = Debug|x64
		Debug|x86 = Debug|x86
		Release|x64 = Release|x64
		Release|x86 = Release|x86
	EndGlobalSection
	GlobalSection(ProjectConfigurationPlatforms) = postSolution
		{AD4B342E-4550-40F2-803B-5429191FCC8F}.Debug|x64.ActiveCfg = Debug|x64
		{AD4B342E-4550-40F2-803B-5429191FCC8F}.Debug|x64.Build.0 = Debug|x64
		{AD4B342E-4550-40F2-803B-5429191FCC8F}.Debug|x86.ActiveCfg = Debug|Win32
		{AD4B342E-4550-40F2-803B-5429191FCC8F}.Debug|x86.Build.0 = Debug|Win32
		{AD4B342E-4550-40F2-803B-5429191FCC8F}.Release|x64.ActiveCfg = Release|x64
		{AD4B342E-4550-40F2-803B-5429191FCC8F}.Release|x64.Build.0 = Release|x64
		{AD4B342E-4550-40F2-803B-5429191FCC8F}.Release|x86.ActiveCfg = Release|Win32
		{AD4B342E-4550-40F2-803B-5429191FCC8F}.Release|x86.Build.0 = Release|Win32
		{2F4B5384-2AD3-4E04-82A0-F9EA680DF362}.Debug|x64.ActiveCfg = Debug|x64
		{2F4B5384-2AD3-4E04-82A0-F9EA680DF362}.Debug|x64.Build.0 = Debug|x64
		{2F4B5384-2AD3-4E04-82A0-F9EA680DF362}.Debug|x86.ActiveCfg = Debug|Win32
		{2F4B5384-2AD3-4E04-82A0-F9EA680DF362}.Debug|x86.Build.0 = Debug|Win32
		{2F4B5384-2AD3-4E04-82A0-F9EA680DF362}.Release|x64.ActiveCfg = Release|x64
		{2F4B5384-2AD3-4E04-82A0-F9EA680DF362}.Release|x64.Build.0 = Release|x64
		{2F4B5384-2AD3-4E04-82A0-F9EA680DF362}.Release|x86.ActiveCfg = Release|Win32
		{2F4B5384-2AD3-4E04-82A0-F9EA680DF362}.Release|x86.Build.0 = Release|Win32
		{8855A65B-99EE-419C-A9D2-389AB82ADC80}.Debug|x64.ActiveCfg = Debug|x64
		{8855A65B-99EE-419C-A9D2-389AB82ADC80}.Debug|x64.Build.0 = Debug|x64
		{8855A65B-99EE-419C-A9D2-389AB82ADC80}.Debug|x86.ActiveCfg = Debug|Win32
		{8855A65B-99EE-419C-A9D2-389AB82ADC80}.Debug|x86.Build.0 = Debug|Win32
		{8855A65B-99EE-419C-A9D2-389AB82ADC80}.Release|x64.ActiveCfg = Release|x64
		{8855A65B-99EE-419C-A9D2-389AB82ADC80}.Release|x64.Build.0 = Release|x64
		{8855A65B-99EE-419C-A9D2-389AB82ADC80}.Release|x86.ActiveCfg = Release|Win32
		{8855A65B-99EE-419C-A9D2-389AB82ADC80}.Release|x86.Build.0 = Release|Win32
		{33ECC2D3-4C01-4819-86DB-92A98531F12C}.Debug|x64.ActiveCfg = Debug|x64
		{33ECC2D3-4C01-4819-86DB-92A98531F12C}.Debug|x64.Build.0 = Debug|x64
		{33ECC2D3-4C01-4819-86DB-92A98531F12C}.Debug|x86.ActiveCfg = Debug|Win32
		{33ECC2D3-4C01-4819-86DB-92A98531F12C}.Debug|x86.Build.0 = Debug|Win32
		{33ECC2D3-4C01-4819-86DB-92A98531F12C}.Release|x64.ActiveCfg = Release|x64
		{33ECC2D3-4C01-4819-86DB-92A98531F12C}.Release|x64.Build.0 = Release|x64
		{33ECC2D3-4C01-4819-86DB-92A98531F12C}.Release|x86.ActiveCfg = Release|Win32
		{33ECC2D3-4C01-4819-86DB-92A98531F12C}.Release|x86.Build.0 = Release|Win32
		{AFF367CA-3BE1-4DAF-951F-E3098E556CC3}.Debug|x64.ActiveCfg = Debug|x64
		{AFF367CA-3BE1-4DAF-951F-E3098E556CC3}.Debug|x64.Build.0 = Debug|x64
		{AFF367CA-3BE1-4DAF-951F-E3098E556CC3}.Debug|x86.ActiveCfg = Debug|Win32
		{AFF367CA-3BE1-4DAF-951F-E3098E556CC3}.Debug|x86.Build.0 = Debug|Win32
		{AFF367CA-3BE1-4DAF-951F-E3098E556CC3}.Release|x64.ActiveCfg = Release|x64
		{AFF367CA-3BE1-4DAF-951F-E3098E556CC3}.Release|x64.Build.0 = Release|x64
		{AFF367CA-3BE1-4DAF-951F-E3098E556CC3}.Release|x86.ActiveCfg = Release|Win32
		{AFF367CA-3BE1-4DAF-951F-E3098E556CC3}.Release|x86.Build.0 = Release|Win32
	EndGlobalSection
	GlobalSection(SolutionProperties) = preSolution
		HideSolutionNode = FALSE
	EndGlobalSection
	GlobalSection(ExtensibilityGlobals) = postSolution
		SolutionGuid = {C3AC4233-D026-46B7-8EC8-1E8126323B7A}
	EndGlobalSection
EndGlobal
